// !$*UTF8*$!
{
	archiveVersion = 1;
	classes = {
	};
	objectVersion = 46;
	objects = {

/* Begin PBXBuildFile section */
		71B7189811222E1B2F889DB0 /* libPods-BDCycle.a in Frameworks */ = {isa = PBXBuildFile; fileRef = 2C27C5ECF87E7C05EC4A27AB /* libPods-BDCycle.a */; };
		C15CD9601D4EF6F2007B8DA4 /* main.m in Sources */ = {isa = PBXBuildFile; fileRef = C15CD95F1D4EF6F2007B8DA4 /* main.m */; };
		C15CD9631D4EF6F2007B8DA4 /* AppDelegate.m in Sources */ = {isa = PBXBuildFile; fileRef = C15CD9621D4EF6F2007B8DA4 /* AppDelegate.m */; };
		C15CD9661D4EF6F2007B8DA4 /* ViewController.m in Sources */ = {isa = PBXBuildFile; fileRef = C15CD9651D4EF6F2007B8DA4 /* ViewController.m */; };
		C15CD9691D4EF6F2007B8DA4 /* Main.storyboard in Resources */ = {isa = PBXBuildFile; fileRef = C15CD9671D4EF6F2007B8DA4 /* Main.storyboard */; };
		C15CD96B1D4EF6F2007B8DA4 /* Assets.xcassets in Resources */ = {isa = PBXBuildFile; fileRef = C15CD96A1D4EF6F2007B8DA4 /* Assets.xcassets */; };
		C15CD96E1D4EF6F2007B8DA4 /* LaunchScreen.storyboard in Resources */ = {isa = PBXBuildFile; fileRef = C15CD96C1D4EF6F2007B8DA4 /* LaunchScreen.storyboard */; };
		C15CD9791D4EF6F3007B8DA4 /* BDCycleTests.m in Sources */ = {isa = PBXBuildFile; fileRef = C15CD9781D4EF6F3007B8DA4 /* BDCycleTests.m */; };
		C15CD9841D4EF6F3007B8DA4 /* BDCycleUITests.m in Sources */ = {isa = PBXBuildFile; fileRef = C15CD9831D4EF6F3007B8DA4 /* BDCycleUITests.m */; };
/* End PBXBuildFile section */

/* Begin PBXContainerItemProxy section */
		C15CD9751D4EF6F3007B8DA4 /* PBXContainerItemProxy */ = {
			isa = PBXContainerItemProxy;
			containerPortal = C15CD9531D4EF6F2007B8DA4 /* Project object */;
			proxyType = 1;
			remoteGlobalIDString = C15CD95A1D4EF6F2007B8DA4;
			remoteInfo = BDCycle;
		};
		C15CD9801D4EF6F3007B8DA4 /* PBXContainerItemProxy */ = {
			isa = PBXContainerItemProxy;
			containerPortal = C15CD9531D4EF6F2007B8DA4 /* Project object */;
			proxyType = 1;
			remoteGlobalIDString = C15CD95A1D4EF6F2007B8DA4;
			remoteInfo = BDCycle;
		};
/* End PBXContainerItemProxy section */

/* Begin PBXFileReference section */
		2C27C5ECF87E7C05EC4A27AB /* libPods-BDCycle.a */ = {isa = PBXFileReference; explicitFileType = archive.ar; includeInIndex = 0; path = "libPods-BDCycle.a"; sourceTree = BUILT_PRODUCTS_DIR; };
		8768FB3975B4D12C94F66ED6 /* Pods-BDCycle.debug.xcconfig */ = {isa = PBXFileReference; includeInIndex = 1; lastKnownFileType = text.xcconfig; name = "Pods-BDCycle.debug.xcconfig"; path = "Pods/Target Support Files/Pods-BDCycle/Pods-BDCycle.debug.xcconfig"; sourceTree = "<group>"; };
		BCB7630083C23828BEF4EF2F /* Pods-BDCycle.release.xcconfig */ = {isa = PBXFileReference; includeInIndex = 1; lastKnownFileType = text.xcconfig; name = "Pods-BDCycle.release.xcconfig"; path = "Pods/Target Support Files/Pods-BDCycle/Pods-BDCycle.release.xcconfig"; sourceTree = "<group>"; };
		C15CD95B1D4EF6F2007B8DA4 /* BDCycle.app */ = {isa = PBXFileReference; explicitFileType = wrapper.application; includeInIndex = 0; path = BDCycle.app; sourceTree = BUILT_PRODUCTS_DIR; };
		C15CD95F1D4EF6F2007B8DA4 /* main.m */ = {isa = PBXFileReference; lastKnownFileType = sourcecode.c.objc; path = main.m; sourceTree = "<group>"; };
		C15CD9611D4EF6F2007B8DA4 /* AppDelegate.h */ = {isa = PBXFileReference; lastKnownFileType = sourcecode.c.h; path = AppDelegate.h; sourceTree = "<group>"; };
		C15CD9621D4EF6F2007B8DA4 /* AppDelegate.m */ = {isa = PBXFileReference; lastKnownFileType = sourcecode.c.objc; path = AppDelegate.m; sourceTree = "<group>"; };
		C15CD9641D4EF6F2007B8DA4 /* ViewController.h */ = {isa = PBXFileReference; lastKnownFileType = sourcecode.c.h; path = ViewController.h; sourceTree = "<group>"; };
		C15CD9651D4EF6F2007B8DA4 /* ViewController.m */ = {isa = PBXFileReference; lastKnownFileType = sourcecode.c.objc; path = ViewController.m; sourceTree = "<group>"; };
		C15CD9681D4EF6F2007B8DA4 /* Base */ = {isa = PBXFileReference; lastKnownFileType = file.storyboard; name = Base; path = Base.lproj/Main.storyboard; sourceTree = "<group>"; };
		C15CD96A1D4EF6F2007B8DA4 /* Assets.xcassets */ = {isa = PBXFileReference; lastKnownFileType = folder.assetcatalog; path = Assets.xcassets; sourceTree = "<group>"; };
		C15CD96D1D4EF6F2007B8DA4 /* Base */ = {isa = PBXFileReference; lastKnownFileType = file.storyboard; name = Base; path = Base.lproj/LaunchScreen.storyboard; sourceTree = "<group>"; };
		C15CD96F1D4EF6F2007B8DA4 /* Info.plist */ = {isa = PBXFileReference; lastKnownFileType = text.plist.xml; path = Info.plist; sourceTree = "<group>"; };
		C15CD9741D4EF6F3007B8DA4 /* BDCycleTests.xctest */ = {isa = PBXFileReference; explicitFileType = wrapper.cfbundle; includeInIndex = 0; path = BDCycleTests.xctest; sourceTree = BUILT_PRODUCTS_DIR; };
		C15CD9781D4EF6F3007B8DA4 /* BDCycleTests.m */ = {isa = PBXFileReference; lastKnownFileType = sourcecode.c.objc; path = BDCycleTests.m; sourceTree = "<group>"; };
		C15CD97A1D4EF6F3007B8DA4 /* Info.plist */ = {isa = PBXFileReference; lastKnownFileType = text.plist.xml; path = Info.plist; sourceTree = "<group>"; };
		C15CD97F1D4EF6F3007B8DA4 /* BDCycleUITests.xctest */ = {isa = PBXFileReference; explicitFileType = wrapper.cfbundle; includeInIndex = 0; path = BDCycleUITests.xctest; sourceTree = BUILT_PRODUCTS_DIR; };
		C15CD9831D4EF6F3007B8DA4 /* BDCycleUITests.m */ = {isa = PBXFileReference; lastKnownFileType = sourcecode.c.objc; path = BDCycleUITests.m; sourceTree = "<group>"; };
		C15CD9851D4EF6F3007B8DA4 /* Info.plist */ = {isa = PBXFileReference; lastKnownFileType = text.plist.xml; path = Info.plist; sourceTree = "<group>"; };
/* End PBXFileReference section */

/* Begin PBXFrameworksBuildPhase section */
		C15CD9581D4EF6F2007B8DA4 /* Frameworks */ = {
			isa = PBXFrameworksBuildPhase;
			buildActionMask = 2147483647;
			files = (
				71B7189811222E1B2F889DB0 /* libPods-BDCycle.a in Frameworks */,
			);
			runOnlyForDeploymentPostprocessing = 0;
		};
		C15CD9711D4EF6F3007B8DA4 /* Frameworks */ = {
			isa = PBXFrameworksBuildPhase;
			buildActionMask = 2147483647;
			files = (
			);
			runOnlyForDeploymentPostprocessing = 0;
		};
		C15CD97C1D4EF6F3007B8DA4 /* Frameworks */ = {
			isa = PBXFrameworksBuildPhase;
			buildActionMask = 2147483647;
			files = (
			);
			runOnlyForDeploymentPostprocessing = 0;
		};
/* End PBXFrameworksBuildPhase section */

/* Begin PBXGroup section */
		1A621B059D917918588C3A35 /* Pods */ = {
			isa = PBXGroup;
			children = (
				8768FB3975B4D12C94F66ED6 /* Pods-BDCycle.debug.xcconfig */,
				BCB7630083C23828BEF4EF2F /* Pods-BDCycle.release.xcconfig */,
			);
			name = Pods;
			sourceTree = "<group>";
		};
		C15CD9521D4EF6F2007B8DA4 = {
			isa = PBXGroup;
			children = (
				C15CD95D1D4EF6F2007B8DA4 /* BDCycle */,
				C15CD9771D4EF6F3007B8DA4 /* BDCycleTests */,
				C15CD9821D4EF6F3007B8DA4 /* BDCycleUITests */,
				C15CD95C1D4EF6F2007B8DA4 /* Products */,
				1A621B059D917918588C3A35 /* Pods */,
				CE5F9B4DA4CA547604B711F3 /* Frameworks */,
			);
			sourceTree = "<group>";
		};
		C15CD95C1D4EF6F2007B8DA4 /* Products */ = {
			isa = PBXGroup;
			children = (
				C15CD95B1D4EF6F2007B8DA4 /* BDCycle.app */,
				C15CD9741D4EF6F3007B8DA4 /* BDCycleTests.xctest */,
				C15CD97F1D4EF6F3007B8DA4 /* BDCycleUITests.xctest */,
			);
			name = Products;
			sourceTree = "<group>";
		};
		C15CD95D1D4EF6F2007B8DA4 /* BDCycle */ = {
			isa = PBXGroup;
			children = (
				C15CD9611D4EF6F2007B8DA4 /* AppDelegate.h */,
				C15CD9621D4EF6F2007B8DA4 /* AppDelegate.m */,
				C15CD9641D4EF6F2007B8DA4 /* ViewController.h */,
				C15CD9651D4EF6F2007B8DA4 /* ViewController.m */,
				C15CD9671D4EF6F2007B8DA4 /* Main.storyboard */,
				C15CD96A1D4EF6F2007B8DA4 /* Assets.xcassets */,
				C15CD96C1D4EF6F2007B8DA4 /* LaunchScreen.storyboard */,
				C15CD96F1D4EF6F2007B8DA4 /* Info.plist */,
				C15CD95E1D4EF6F2007B8DA4 /* Supporting Files */,
			);
			path = BDCycle;
			sourceTree = "<group>";
		};
		C15CD95E1D4EF6F2007B8DA4 /* Supporting Files */ = {
			isa = PBXGroup;
			children = (
				C15CD95F1D4EF6F2007B8DA4 /* main.m */,
			);
			name = "Supporting Files";
			sourceTree = "<group>";
		};
		C15CD9771D4EF6F3007B8DA4 /* BDCycleTests */ = {
			isa = PBXGroup;
			children = (
				C15CD9781D4EF6F3007B8DA4 /* BDCycleTests.m */,
				C15CD97A1D4EF6F3007B8DA4 /* Info.plist */,
			);
			path = BDCycleTests;
			sourceTree = "<group>";
		};
		C15CD9821D4EF6F3007B8DA4 /* BDCycleUITests */ = {
			isa = PBXGroup;
			children = (
				C15CD9831D4EF6F3007B8DA4 /* BDCycleUITests.m */,
				C15CD9851D4EF6F3007B8DA4 /* Info.plist */,
			);
			path = BDCycleUITests;
			sourceTree = "<group>";
		};
		CE5F9B4DA4CA547604B711F3 /* Frameworks */ = {
			isa = PBXGroup;
			children = (
				2C27C5ECF87E7C05EC4A27AB /* libPods-BDCycle.a */,
			);
			name = Frameworks;
			sourceTree = "<group>";
		};
/* End PBXGroup section */

/* Begin PBXNativeTarget section */
		C15CD95A1D4EF6F2007B8DA4 /* BDCycle */ = {
			isa = PBXNativeTarget;
			buildConfigurationList = C15CD9881D4EF6F3007B8DA4 /* Build configuration list for PBXNativeTarget "BDCycle" */;
			buildPhases = (
				F583FBC29C62767EFEFC6881 /* 📦 Check Pods Manifest.lock */,
				C15CD9571D4EF6F2007B8DA4 /* Sources */,
				C15CD9581D4EF6F2007B8DA4 /* Frameworks */,
				C15CD9591D4EF6F2007B8DA4 /* Resources */,
				95C06630ED3EAFE72F76F007 /* 📦 Embed Pods Frameworks */,
				C7025ED182842BA6E9A12867 /* 📦 Copy Pods Resources */,
			);
			buildRules = (
			);
			dependencies = (
			);
			name = BDCycle;
			productName = BDCycle;
			productReference = C15CD95B1D4EF6F2007B8DA4 /* BDCycle.app */;
			productType = "com.apple.product-type.application";
		};
		C15CD9731D4EF6F3007B8DA4 /* BDCycleTests */ = {
			isa = PBXNativeTarget;
			buildConfigurationList = C15CD98B1D4EF6F3007B8DA4 /* Build configuration list for PBXNativeTarget "BDCycleTests" */;
			buildPhases = (
				C15CD9701D4EF6F3007B8DA4 /* Sources */,
				C15CD9711D4EF6F3007B8DA4 /* Frameworks */,
				C15CD9721D4EF6F3007B8DA4 /* Resources */,
			);
			buildRules = (
			);
			dependencies = (
				C15CD9761D4EF6F3007B8DA4 /* PBXTargetDependency */,
			);
			name = BDCycleTests;
			productName = BDCycleTests;
			productReference = C15CD9741D4EF6F3007B8DA4 /* BDCycleTests.xctest */;
			productType = "com.apple.product-type.bundle.unit-test";
		};
		C15CD97E1D4EF6F3007B8DA4 /* BDCycleUITests */ = {
			isa = PBXNativeTarget;
			buildConfigurationList = C15CD98E1D4EF6F3007B8DA4 /* Build configuration list for PBXNativeTarget "BDCycleUITests" */;
			buildPhases = (
				C15CD97B1D4EF6F3007B8DA4 /* Sources */,
				C15CD97C1D4EF6F3007B8DA4 /* Frameworks */,
				C15CD97D1D4EF6F3007B8DA4 /* Resources */,
			);
			buildRules = (
			);
			dependencies = (
				C15CD9811D4EF6F3007B8DA4 /* PBXTargetDependency */,
			);
			name = BDCycleUITests;
			productName = BDCycleUITests;
			productReference = C15CD97F1D4EF6F3007B8DA4 /* BDCycleUITests.xctest */;
			productType = "com.apple.product-type.bundle.ui-testing";
		};
/* End PBXNativeTarget section */

/* Begin PBXProject section */
		C15CD9531D4EF6F2007B8DA4 /* Project object */ = {
			isa = PBXProject;
			attributes = {
				LastUpgradeCheck = 0730;
				ORGANIZATIONNAME = "林有亮";
				TargetAttributes = {
					C15CD95A1D4EF6F2007B8DA4 = {
						CreatedOnToolsVersion = 7.3.1;
					};
					C15CD9731D4EF6F3007B8DA4 = {
						CreatedOnToolsVersion = 7.3.1;
						TestTargetID = C15CD95A1D4EF6F2007B8DA4;
					};
					C15CD97E1D4EF6F3007B8DA4 = {
						CreatedOnToolsVersion = 7.3.1;
						TestTargetID = C15CD95A1D4EF6F2007B8DA4;
					};
				};
			};
			buildConfigurationList = C15CD9561D4EF6F2007B8DA4 /* Build configuration list for PBXProject "BDCycle" */;
			compatibilityVersion = "Xcode 3.2";
			developmentRegion = English;
			hasScannedForEncodings = 0;
			knownRegions = (
				en,
				Base,
			);
			mainGroup = C15CD9521D4EF6F2007B8DA4;
			productRefGroup = C15CD95C1D4EF6F2007B8DA4 /* Products */;
			projectDirPath = "";
			projectRoot = "";
			targets = (
				C15CD95A1D4EF6F2007B8DA4 /* BDCycle */,
				C15CD9731D4EF6F3007B8DA4 /* BDCycleTests */,
				C15CD97E1D4EF6F3007B8DA4 /* BDCycleUITests */,
			);
		};
/* End PBXProject section */

/* Begin PBXResourcesBuildPhase section */
		C15CD9591D4EF6F2007B8DA4 /* Resources */ = {
			isa = PBXResourcesBuildPhase;
			buildActionMask = 2147483647;
			files = (
				C15CD96E1D4EF6F2007B8DA4 /* LaunchScreen.storyboard in Resources */,
				C15CD96B1D4EF6F2007B8DA4 /* Assets.xcassets in Resources */,
				C15CD9691D4EF6F2007B8DA4 /* Main.storyboard in Resources */,
			);
			runOnlyForDeploymentPostprocessing = 0;
		};
		C15CD9721D4EF6F3007B8DA4 /* Resources */ = {
			isa = PBXResourcesBuildPhase;
			buildActionMask = 2147483647;
			files = (
			);
			runOnlyForDeploymentPostprocessing = 0;
		};
		C15CD97D1D4EF6F3007B8DA4 /* Resources */ = {
			isa = PBXResourcesBuildPhase;
			buildActionMask = 2147483647;
			files = (
			);
			runOnlyForDeploymentPostprocessing = 0;
		};
/* End PBXResourcesBuildPhase section */

/* Begin PBXShellScriptBuildPhase section */
		95C06630ED3EAFE72F76F007 /* 📦 Embed Pods Frameworks */ = {
			isa = PBXShellScriptBuildPhase;
			buildActionMask = 2147483647;
			files = (
			);
			inputPaths = (
			);
			name = "📦 Embed Pods Frameworks";
			outputPaths = (
			);
			runOnlyForDeploymentPostprocessing = 0;
			shellPath = /bin/sh;
			shellScript = "\"${SRCROOT}/Pods/Target Support Files/Pods-BDCycle/Pods-BDCycle-frameworks.sh\"\n";
			showEnvVarsInLog = 0;
		};
		C7025ED182842BA6E9A12867 /* 📦 Copy Pods Resources */ = {
			isa = PBXShellScriptBuildPhase;
			buildActionMask = 2147483647;
			files = (
			);
			inputPaths = (
			);
			name = "📦 Copy Pods Resources";
			outputPaths = (
			);
			runOnlyForDeploymentPostprocessing = 0;
			shellPath = /bin/sh;
			shellScript = "\"${SRCROOT}/Pods/Target Support Files/Pods-BDCycle/Pods-BDCycle-resources.sh\"\n";
			showEnvVarsInLog = 0;
		};
		F583FBC29C62767EFEFC6881 /* 📦 Check Pods Manifest.lock */ = {
			isa = PBXShellScriptBuildPhase;
			buildActionMask = 2147483647;
			files = (
			);
			inputPaths = (
			);
			name = "📦 Check Pods Manifest.lock";
			outputPaths = (
			);
			runOnlyForDeploymentPostprocessing = 0;
			shellPath = /bin/sh;
			shellScript = "diff \"${PODS_ROOT}/../Podfile.lock\" \"${PODS_ROOT}/Manifest.lock\" > /dev/null\nif [[ $? != 0 ]] ; then\n    cat << EOM\nerror: The sandbox is not in sync with the Podfile.lock. Run 'pod install' or update your CocoaPods installation.\nEOM\n    exit 1\nfi\n";
			showEnvVarsInLog = 0;
		};
/* End PBXShellScriptBuildPhase section */

/* Begin PBXSourcesBuildPhase section */
		C15CD9571D4EF6F2007B8DA4 /* Sources */ = {
			isa = PBXSourcesBuildPhase;
			buildActionMask = 2147483647;
			files = (
				C15CD9661D4EF6F2007B8DA4 /* ViewController.m in Sources */,
				C15CD9631D4EF6F2007B8DA4 /* AppDelegate.m in Sources */,
				C15CD9601D4EF6F2007B8DA4 /* main.m in Sources */,
			);
			runOnlyForDeploymentPostprocessing = 0;
		};
		C15CD9701D4EF6F3007B8DA4 /* Sources */ = {
			isa = PBXSourcesBuildPhase;
			buildActionMask = 2147483647;
			files = (
				C15CD9791D4EF6F3007B8DA4 /* BDCycleTests.m in Sources */,
			);
			runOnlyForDeploymentPostprocessing = 0;
		};
		C15CD97B1D4EF6F3007B8DA4 /* Sources */ = {
			isa = PBXSourcesBuildPhase;
			buildActionMask = 2147483647;
			files = (
				C15CD9841D4EF6F3007B8DA4 /* BDCycleUITests.m in Sources */,
			);
			runOnlyForDeploymentPostprocessing = 0;
		};
/* End PBXSourcesBuildPhase section */

/* Begin PBXTargetDependency section */
		C15CD9761D4EF6F3007B8DA4 /* PBXTargetDependency */ = {
			isa = PBXTargetDependency;
			target = C15CD95A1D4EF6F2007B8DA4 /* BDCycle */;
			targetProxy = C15CD9751D4EF6F3007B8DA4 /* PBXContainerItemProxy */;
		};
		C15CD9811D4EF6F3007B8DA4 /* PBXTargetDependency */ = {
			isa = PBXTargetDependency;
			target = C15CD95A1D4EF6F2007B8DA4 /* BDCycle */;
			targetProxy = C15CD9801D4EF6F3007B8DA4 /* PBXContainerItemProxy */;
		};
/* End PBXTargetDependency section */

/* Begin PBXVariantGroup section */
		C15CD9671D4EF6F2007B8DA4 /* Main.storyboard */ = {
			isa = PBXVariantGroup;
			children = (
				C15CD9681D4EF6F2007B8DA4 /* Base */,
			);
			name = Main.storyboard;
			sourceTree = "<group>";
		};
		C15CD96C1D4EF6F2007B8DA4 /* LaunchScreen.storyboard */ = {
			isa = PBXVariantGroup;
			children = (
				C15CD96D1D4EF6F2007B8DA4 /* Base */,
			);
			name = LaunchScreen.storyboard;
			sourceTree = "<group>";
		};
/* End PBXVariantGroup section */

/* Begin XCBuildConfiguration section */
		C15CD9861D4EF6F3007B8DA4 /* Debug */ = {
			isa = XCBuildConfiguration;
			buildSettings = {
				ALWAYS_SEARCH_USER_PATHS = NO;
				CLANG_ANALYZER_NONNULL = YES;
				CLANG_CXX_LANGUAGE_STANDARD = "gnu++0x";
				CLANG_CXX_LIBRARY = "libc++";
				CLANG_ENABLE_MODULES = YES;
				CLANG_ENABLE_OBJC_ARC = YES;
				CLANG_WARN_BOOL_CONVERSION = YES;
				CLANG_WARN_CONSTANT_CONVERSION = YES;
				CLANG_WARN_DIRECT_OBJC_ISA_USAGE = YES_ERROR;
				CLANG_WARN_EMPTY_BODY = YES;
				CLANG_WARN_ENUM_CONVERSION = YES;
				CLANG_WARN_INT_CONVERSION = YES;
				CLANG_WARN_OBJC_ROOT_CLASS = YES_ERROR;
				CLANG_WARN_UNREACHABLE_CODE = YES;
				CLANG_WARN__DUPLICATE_METHOD_MATCH = YES;
				"CODE_SIGN_IDENTITY[sdk=iphoneos*]" = "iPhone Developer";
				COPY_PHASE_STRIP = NO;
				DEBUG_INFORMATION_FORMAT = dwarf;
				ENABLE_STRICT_OBJC_MSGSEND = YES;
				ENABLE_TESTABILITY = YES;
				GCC_C_LANGUAGE_STANDARD = gnu99;
				GCC_DYNAMIC_NO_PIC = NO;
				GCC_NO_COMMON_BLOCKS = YES;
				GCC_OPTIMIZATION_LEVEL = 0;
				GCC_PREPROCESSOR_DEFINITIONS = (
					"DEBUG=1",
					"$(inherited)",
				);
				GCC_WARN_64_TO_32_BIT_CONVERSION = YES;
				GCC_WARN_ABOUT_RETURN_TYPE = YES_ERROR;
				GCC_WARN_UNDECLARED_SELECTOR = YES;
				GCC_WARN_UNINITIALIZED_AUTOS = YES_AGGRESSIVE;
				GCC_WARN_UNUSED_FUNCTION = YES;
				GCC_WARN_UNUSED_VARIABLE = YES;
				IPHONEOS_DEPLOYMENT_TARGET = 9.3;
				MTL_ENABLE_DEBUG_INFO = YES;
				ONLY_ACTIVE_ARCH = YES;
				SDKROOT = iphoneos;
			};
			name = Debug;
		};
		C15CD9871D4EF6F3007B8DA4 /* Release */ = {
			isa = XCBuildConfiguration;
			buildSettings = {
				ALWAYS_SEARCH_USER_PATHS = NO;
				CLANG_ANALYZER_NONNULL = YES;
				CLANG_CXX_LANGUAGE_STANDARD = "gnu++0x";
				CLANG_CXX_LIBRARY = "libc++";
				CLANG_ENABLE_MODULES = YES;
				CLANG_ENABLE_OBJC_ARC = YES;
				CLANG_WARN_BOOL_CONVERSION = YES;
				CLANG_WARN_CONSTANT_CONVERSION = YES;
				CLANG_WARN_DIRECT_OBJC_ISA_USAGE = YES_ERROR;
				CLANG_WARN_EMPTY_BODY = YES;
				CLANG_WARN_ENUM_CONVERSION = YES;
				CLANG_WARN_INT_CONVERSION = YES;
				CLANG_WARN_OBJC_ROOT_CLASS = YES_ERROR;
				CLANG_WARN_UNREACHABLE_CODE = YES;
				CLANG_WARN__DUPLICATE_METHOD_MATCH = YES;
				"CODE_SIGN_IDENTITY[sdk=iphoneos*]" = "iPhone Developer";
				COPY_PHASE_STRIP = NO;
				DEBUG_INFORMATION_FORMAT = "dwarf-with-dsym";
				ENABLE_NS_ASSERTIONS = NO;
				ENABLE_STRICT_OBJC_MSGSEND = YES;
				GCC_C_LANGUAGE_STANDARD = gnu99;
				GCC_NO_COMMON_BLOCKS = YES;
				GCC_WARN_64_TO_32_BIT_CONVERSION = YES;
				GCC_WARN_ABOUT_RETURN_TYPE = YES_ERROR;
				GCC_WARN_UNDECLARED_SELECTOR = YES;
				GCC_WARN_UNINITIALIZED_AUTOS = YES_AGGRESSIVE;
				GCC_WARN_UNUSED_FUNCTION = YES;
				GCC_WARN_UNUSED_VARIABLE = YES;
				IPHONEOS_DEPLOYMENT_TARGET = 9.3;
				MTL_ENABLE_DEBUG_INFO = NO;
				SDKROOT = iphoneos;
				VALIDATE_PRODUCT = YES;
			};
			name = Release;
		};
		C15CD9891D4EF6F3007B8DA4 /* Debug */ = {
			isa = XCBuildConfiguration;
			baseConfigurationReference = 8768FB3975B4D12C94F66ED6 /* Pods-BDCycle.debug.xcconfig */;
			buildSettings = {
				ASSETCATALOG_COMPILER_APPICON_NAME = AppIcon;
				INFOPLIST_FILE = BDCycle/Info.plist;
				LD_RUNPATH_SEARCH_PATHS = "$(inherited) @executable_path/Frameworks";
				PRODUCT_BUNDLE_IDENTIFIER = bd.BDCycle;
				PRODUCT_NAME = "$(TARGET_NAME)";
			};
			name = Debug;
		};
		C15CD98A1D4EF6F3007B8DA4 /* Release */ = {
			isa = XCBuildConfiguration;
			baseConfigurationReference = BCB7630083C23828BEF4EF2F /* Pods-BDCycle.release.xcconfig */;
			buildSettings = {
				ASSETCATALOG_COMPILER_APPICON_NAME = AppIcon;
				INFOPLIST_FILE = BDCycle/Info.plist;
				LD_RUNPATH_SEARCH_PATHS = "$(inherited) @executable_path/Frameworks";
				PRODUCT_BUNDLE_IDENTIFIER = bd.BDCycle;
				PRODUCT_NAME = "$(TARGET_NAME)";
			};
			name = Release;
		};
		C15CD98C1D4EF6F3007B8DA4 /* Debug */ = {
			isa = XCBuildConfiguration;
			buildSettings = {
				BUNDLE_LOADER = "$(TEST_HOST)";
				INFOPLIST_FILE = BDCycleTests/Info.plist;
				LD_RUNPATH_SEARCH_PATHS = "$(inherited) @executable_path/Frameworks @loader_path/Frameworks";
				PRODUCT_BUNDLE_IDENTIFIER = bd.BDCycleTests;
				PRODUCT_NAME = "$(TARGET_NAME)";
				TEST_HOST = "$(BUILT_PRODUCTS_DIR)/BDCycle.app/BDCycle";
			};
			name = Debug;
		};
		C15CD98D1D4EF6F3007B8DA4 /* Release */ = {
			isa = XCBuildConfiguration;
			buildSettings = {
				BUNDLE_LOADER = "$(TEST_HOST)";
				INFOPLIST_FILE = BDCycleTests/Info.plist;
				LD_RUNPATH_SEARCH_PATHS = "$(inherited) @executable_path/Frameworks @loader_path/Frameworks";
				PRODUCT_BUNDLE_IDENTIFIER = bd.BDCycleTests;
				PRODUCT_NAME = "$(TARGET_NAME)";
				TEST_HOST = "$(BUILT_PRODUCTS_DIR)/BDCycle.app/BDCycle";
			};
			name = Release;
		};
		C15CD98F1D4EF6F3007B8DA4 /* Debug */ = {
			isa = XCBuildConfiguration;
			buildSettings = {
				INFOPLIST_FILE = BDCycleUITests/Info.plist;
				LD_RUNPATH_SEARCH_PATHS = "$(inherited) @executable_path/Frameworks @loader_path/Frameworks";
				PRODUCT_BUNDLE_IDENTIFIER = bd.BDCycleUITests;
				PRODUCT_NAME = "$(TARGET_NAME)";
				TEST_TARGET_NAME = BDCycle;
			};
			name = Debug;
		};
		C15CD9901D4EF6F3007B8DA4 /* Release */ = {
			isa = XCBuildConfiguration;
			buildSettings = {
				INFOPLIST_FILE = BDCycleUITests/Info.plist;
				LD_RUNPATH_SEARCH_PATHS = "$(inherited) @executable_path/Frameworks @loader_path/Frameworks";
				PRODUCT_BUNDLE_IDENTIFIER = bd.BDCycleUITests;
				PRODUCT_NAME = "$(TARGET_NAME)";
				TEST_TARGET_NAME = BDCycle;
			};
			name = Release;
		};
/* End XCBuildConfiguration section */

/* Begin XCConfigurationList section */
		C15CD9561D4EF6F2007B8DA4 /* Build configuration list for PBXProject "BDCycle" */ = {
			isa = XCConfigurationList;
			buildConfigurations = (
				C15CD9861D4EF6F3007B8DA4 /* Debug */,
				C15CD9871D4EF6F3007B8DA4 /* Release */,
			);
			defaultConfigurationIsVisible = 0;
			defaultConfigurationName = Release;
		};
		C15CD9881D4EF6F3007B8DA4 /* Build configuration list for PBXNativeTarget "BDCycle" */ = {
			isa = XCConfigurationList;
			buildConfigurations = (
				C15CD9891D4EF6F3007B8DA4 /* Debug */,
				C15CD98A1D4EF6F3007B8DA4 /* Release */,
			);
			defaultConfigurationIsVisible = 0;
			defaultConfigurationName = Release;
		};
		C15CD98B1D4EF6F3007B8DA4 /* Build configuration list for PBXNativeTarget "BDCycleTests" */ = {
			isa = XCConfigurationList;
			buildConfigurations = (
				C15CD98C1D4EF6F3007B8DA4 /* Debug */,
				C15CD98D1D4EF6F3007B8DA4 /* Release */,
			);
			defaultConfigurationIsVisible = 0;
			defaultConfigurationName = Release;
		};
		C15CD98E1D4EF6F3007B8DA4 /* Build configuration list for PBXNativeTarget "BDCycleUITests" */ = {
			isa = XCConfigurationList;
			buildConfigurations = (
				C15CD98F1D4EF6F3007B8DA4 /* Debug */,
				C15CD9901D4EF6F3007B8DA4 /* Release */,
			);
			defaultConfigurationIsVisible = 0;
			defaultConfigurationName = Release;
		};
/* End XCConfigurationList section */
	};
	rootObject = C15CD9531D4EF6F2007B8DA4 /* Project object */;
}
